
Microsoft Visual Studio Solution File, Format Version 12.00
# Visual Studio Version 16
VisualStudioVersion = 16.0.28803.452
MinimumVisualStudioVersion = 10.0.40219.1
Project("{FAE04EC0-301F-11D3-BF4B-00C04F79EFBC}") = "nxmBackup", "nxmBackup\nxmBackup.csproj", "{4A052B73-9EBB-4202-A093-57C414FBD6A9}"
EndProject
Project("{FAE04EC0-301F-11D3-BF4B-00C04F79EFBC}") = "TestProject", "TestProject\TestProject.csproj", "{402B20BE-2105-407C-8156-A845ADB3CD15}"
EndProject
Project("{9A19103F-16F7-4668-BE54-9A1E7A4F7556}") = "BlazorNxmApp", "BlazorNxmApp\BlazorNxmApp.csproj", "{DFC9059C-7F2D-44FB-B71A-8302DE336DF7}"
EndProject
Project("{9A19103F-16F7-4668-BE54-9A1E7A4F7556}") = "DataLibrary", "DataLibrary\DataLibrary.csproj", "{6DA4711B-574F-4770-B413-78492354354A}"
EndProject
Project("{00D1A9C2-B5F0-4AF3-8072-F6C62B433612}") = "NxmDB", "NxmDB\NxmDB.sqlproj", "{22760128-E62B-4B0E-8054-F5783591C8D6}"
EndProject
Global
	GlobalSection(SolutionConfigurationPlatforms) = preSolution
		Debug|Any CPU = Debug|Any CPU
		Debug|ARM = Debug|ARM
		Debug|ARM64 = Debug|ARM64
		Debug|x64 = Debug|x64
		Debug|x86 = Debug|x86
		Release|Any CPU = Release|Any CPU
		Release|ARM = Release|ARM
		Release|ARM64 = Release|ARM64
		Release|x64 = Release|x64
		Release|x86 = Release|x86
	EndGlobalSection
	GlobalSection(ProjectConfigurationPlatforms) = postSolution
		{4A052B73-9EBB-4202-A093-57C414FBD6A9}.Debug|Any CPU.ActiveCfg = Debug|Any CPU
		{4A052B73-9EBB-4202-A093-57C414FBD6A9}.Debug|Any CPU.Build.0 = Debug|Any CPU
		{4A052B73-9EBB-4202-A093-57C414FBD6A9}.Debug|ARM.ActiveCfg = Debug|Any CPU
		{4A052B73-9EBB-4202-A093-57C414FBD6A9}.Debug|ARM.Build.0 = Debug|Any CPU
		{4A052B73-9EBB-4202-A093-57C414FBD6A9}.Debug|ARM64.ActiveCfg = Debug|Any CPU
		{4A052B73-9EBB-4202-A093-57C414FBD6A9}.Debug|ARM64.Build.0 = Debug|Any CPU
		{4A052B73-9EBB-4202-A093-57C414FBD6A9}.Debug|x64.ActiveCfg = Debug|Any CPU
		{4A052B73-9EBB-4202-A093-57C414FBD6A9}.Debug|x64.Build.0 = Debug|Any CPU
		{4A052B73-9EBB-4202-A093-57C414FBD6A9}.Debug|x86.ActiveCfg = Debug|Any CPU
		{4A052B73-9EBB-4202-A093-57C414FBD6A9}.Debug|x86.Build.0 = Debug|Any CPU
		{4A052B73-9EBB-4202-A093-57C414FBD6A9}.Release|Any CPU.ActiveCfg = Release|Any CPU
		{4A052B73-9EBB-4202-A093-57C414FBD6A9}.Release|Any CPU.Build.0 = Release|Any CPU
		{4A052B73-9EBB-4202-A093-57C414FBD6A9}.Release|ARM.ActiveCfg = Release|Any CPU
		{4A052B73-9EBB-4202-A093-57C414FBD6A9}.Release|ARM.Build.0 = Release|Any CPU
		{4A052B73-9EBB-4202-A093-57C414FBD6A9}.Release|ARM64.ActiveCfg = Release|Any CPU
		{4A052B73-9EBB-4202-A093-57C414FBD6A9}.Release|ARM64.Build.0 = Release|Any CPU
		{4A052B73-9EBB-4202-A093-57C414FBD6A9}.Release|x64.ActiveCfg = Release|Any CPU
		{4A052B73-9EBB-4202-A093-57C414FBD6A9}.Release|x64.Build.0 = Release|Any CPU
		{4A052B73-9EBB-4202-A093-57C414FBD6A9}.Release|x86.ActiveCfg = Release|Any CPU
		{4A052B73-9EBB-4202-A093-57C414FBD6A9}.Release|x86.Build.0 = Release|Any CPU
		{402B20BE-2105-407C-8156-A845ADB3CD15}.Debug|Any CPU.ActiveCfg = Debug|Any CPU
		{402B20BE-2105-407C-8156-A845ADB3CD15}.Debug|Any CPU.Build.0 = Debug|Any CPU
		{402B20BE-2105-407C-8156-A845ADB3CD15}.Debug|ARM.ActiveCfg = Debug|Any CPU
		{402B20BE-2105-407C-8156-A845ADB3CD15}.Debug|ARM.Build.0 = Debug|Any CPU
		{402B20BE-2105-407C-8156-A845ADB3CD15}.Debug|ARM64.ActiveCfg = Debug|Any CPU
		{402B20BE-2105-407C-8156-A845ADB3CD15}.Debug|ARM64.Build.0 = Debug|Any CPU
		{402B20BE-2105-407C-8156-A845ADB3CD15}.Debug|x64.ActiveCfg = Debug|Any CPU
		{402B20BE-2105-407C-8156-A845ADB3CD15}.Debug|x64.Build.0 = Debug|Any CPU
		{402B20BE-2105-407C-8156-A845ADB3CD15}.Debug|x86.ActiveCfg = Debug|Any CPU
		{402B20BE-2105-407C-8156-A845ADB3CD15}.Debug|x86.Build.0 = Debug|Any CPU
		{402B20BE-2105-407C-8156-A845ADB3CD15}.Release|Any CPU.ActiveCfg = Release|Any CPU
		{402B20BE-2105-407C-8156-A845ADB3CD15}.Release|Any CPU.Build.0 = Release|Any CPU
		{402B20BE-2105-407C-8156-A845ADB3CD15}.Release|ARM.ActiveCfg = Release|Any CPU
		{402B20BE-2105-407C-8156-A845ADB3CD15}.Release|ARM.Build.0 = Release|Any CPU
		{402B20BE-2105-407C-8156-A845ADB3CD15}.Release|ARM64.ActiveCfg = Release|Any CPU
		{402B20BE-2105-407C-8156-A845ADB3CD15}.Release|ARM64.Build.0 = Release|Any CPU
		{402B20BE-2105-407C-8156-A845ADB3CD15}.Release|x64.ActiveCfg = Release|Any CPU
		{402B20BE-2105-407C-8156-A845ADB3CD15}.Release|x64.Build.0 = Release|Any CPU
		{402B20BE-2105-407C-8156-A845ADB3CD15}.Release|x86.ActiveCfg = Release|Any CPU
		{402B20BE-2105-407C-8156-A845ADB3CD15}.Release|x86.Build.0 = Release|Any CPU
		{DFC9059C-7F2D-44FB-B71A-8302DE336DF7}.Debug|Any CPU.ActiveCfg = Debug|Any CPU
		{DFC9059C-7F2D-44FB-B71A-8302DE336DF7}.Debug|Any CPU.Build.0 = Debug|Any CPU
		{DFC9059C-7F2D-44FB-B71A-8302DE336DF7}.Debug|ARM.ActiveCfg = Debug|Any CPU
		{DFC9059C-7F2D-44FB-B71A-8302DE336DF7}.Debug|ARM.Build.0 = Debug|Any CPU
		{DFC9059C-7F2D-44FB-B71A-8302DE336DF7}.Debug|ARM64.ActiveCfg = Debug|Any CPU
		{DFC9059C-7F2D-44FB-B71A-8302DE336DF7}.Debug|ARM64.Build.0 = Debug|Any CPU
		{DFC9059C-7F2D-44FB-B71A-8302DE336DF7}.Debug|x64.ActiveCfg = Debug|Any CPU
		{DFC9059C-7F2D-44FB-B71A-8302DE336DF7}.Debug|x64.Build.0 = Debug|Any CPU
		{DFC9059C-7F2D-44FB-B71A-8302DE336DF7}.Debug|x86.ActiveCfg = Debug|Any CPU
		{DFC9059C-7F2D-44FB-B71A-8302DE336DF7}.Debug|x86.Build.0 = Debug|Any CPU
		{DFC9059C-7F2D-44FB-B71A-8302DE336DF7}.Release|Any CPU.ActiveCfg = Release|Any CPU
		{DFC9059C-7F2D-44FB-B71A-8302DE336DF7}.Release|Any CPU.Build.0 = Release|Any CPU
		{DFC9059C-7F2D-44FB-B71A-8302DE336DF7}.Release|ARM.ActiveCfg = Release|Any CPU
		{DFC9059C-7F2D-44FB-B71A-8302DE336DF7}.Release|ARM.Build.0 = Release|Any CPU
		{DFC9059C-7F2D-44FB-B71A-8302DE336DF7}.Release|ARM64.ActiveCfg = Release|Any CPU
		{DFC9059C-7F2D-44FB-B71A-8302DE336DF7}.Release|ARM64.Build.0 = Release|Any CPU
		{DFC9059C-7F2D-44FB-B71A-8302DE336DF7}.Release|x64.ActiveCfg = Release|Any CPU
		{DFC9059C-7F2D-44FB-B71A-8302DE336DF7}.Release|x64.Build.0 = Release|Any CPU
		{DFC9059C-7F2D-44FB-B71A-8302DE336DF7}.Release|x86.ActiveCfg = Release|Any CPU
		{DFC9059C-7F2D-44FB-B71A-8302DE336DF7}.Release|x86.Build.0 = Release|Any CPU
		{6DA4711B-574F-4770-B413-78492354354A}.Debug|Any CPU.ActiveCfg = Debug|Any CPU
		{6DA4711B-574F-4770-B413-78492354354A}.Debug|Any CPU.Build.0 = Debug|Any CPU
		{6DA4711B-574F-4770-B413-78492354354A}.Debug|ARM.ActiveCfg = Debug|Any CPU
		{6DA4711B-574F-4770-B413-78492354354A}.Debug|ARM.Build.0 = Debug|Any CPU
		{6DA4711B-574F-4770-B413-78492354354A}.Debug|ARM64.ActiveCfg = Debug|Any CPU
		{6DA4711B-574F-4770-B413-78492354354A}.Debug|ARM64.Build.0 = Debug|Any CPU
		{6DA4711B-574F-4770-B413-78492354354A}.Debug|x64.ActiveCfg = Debug|Any CPU
		{6DA4711B-574F-4770-B413-78492354354A}.Debug|x64.Build.0 = Debug|Any CPU
		{6DA4711B-574F-4770-B413-78492354354A}.Debug|x86.ActiveCfg = Debug|Any CPU
		{6DA4711B-574F-4770-B413-78492354354A}.Debug|x86.Build.0 = Debug|Any CPU
		{6DA4711B-574F-4770-B413-78492354354A}.Release|Any CPU.ActiveCfg = Release|Any CPU
		{6DA4711B-574F-4770-B413-78492354354A}.Release|Any CPU.Build.0 = Release|Any CPU
		{6DA4711B-574F-4770-B413-78492354354A}.Release|ARM.ActiveCfg = Release|Any CPU
		{6DA4711B-574F-4770-B413-78492354354A}.Release|ARM.Build.0 = Release|Any CPU
		{6DA4711B-574F-4770-B413-78492354354A}.Release|ARM64.ActiveCfg = Release|Any CPU
		{6DA4711B-574F-4770-B413-78492354354A}.Release|ARM64.Build.0 = Release|Any CPU
		{6DA4711B-574F-4770-B413-78492354354A}.Release|x64.ActiveCfg = Release|Any CPU
		{6DA4711B-574F-4770-B413-78492354354A}.Release|x64.Build.0 = Release|Any CPU
		{6DA4711B-574F-4770-B413-78492354354A}.Release|x86.ActiveCfg = Release|Any CPU
		{6DA4711B-574F-4770-B413-78492354354A}.Release|x86.Build.0 = Release|Any CPU
		{22760128-E62B-4B0E-8054-F5783591C8D6}.Debug|Any CPU.ActiveCfg = Debug|Any CPU
		{22760128-E62B-4B0E-8054-F5783591C8D6}.Debug|Any CPU.Build.0 = Debug|Any CPU
		{22760128-E62B-4B0E-8054-F5783591C8D6}.Debug|Any CPU.Deploy.0 = Debug|Any CPU
		{22760128-E62B-4B0E-8054-F5783591C8D6}.Debug|ARM.ActiveCfg = Debug|Any CPU
		{22760128-E62B-4B0E-8054-F5783591C8D6}.Debug|ARM.Build.0 = Debug|Any CPU
		{22760128-E62B-4B0E-8054-F5783591C8D6}.Debug|ARM.Deploy.0 = Debug|Any CPU
		{22760128-E62B-4B0E-8054-F5783591C8D6}.Debug|ARM64.ActiveCfg = Debug|Any CPU
		{22760128-E62B-4B0E-8054-F5783591C8D6}.Debug|ARM64.Build.0 = Debug|Any CPU
		{22760128-E62B-4B0E-8054-F5783591C8D6}.Debug|ARM64.Deploy.0 = Debug|Any CPU
		{22760128-E62B-4B0E-8054-F5783591C8D6}.Debug|x64.ActiveCfg = Debug|Any CPU
		{22760128-E62B-4B0E-8054-F5783591C8D6}.Debug|x64.Build.0 = Debug|Any CPU
		{22760128-E62B-4B0E-8054-F5783591C8D6}.Debug|x64.Deploy.0 = Debug|Any CPU
		{22760128-E62B-4B0E-8054-F5783591C8D6}.Debug|x86.ActiveCfg = Debug|Any CPU
		{22760128-E62B-4B0E-8054-F5783591C8D6}.Debug|x86.Build.0 = Debug|Any CPU
		{22760128-E62B-4B0E-8054-F5783591C8D6}.Debug|x86.Deploy.0 = Debug|Any CPU
		{22760128-E62B-4B0E-8054-F5783591C8D6}.Release|Any CPU.ActiveCfg = Release|Any CPU
		{22760128-E62B-4B0E-8054-F5783591C8D6}.Release|Any CPU.Build.0 = Release|Any CPU
		{22760128-E62B-4B0E-8054-F5783591C8D6}.Release|Any CPU.Deploy.0 = Release|Any CPU
		{22760128-E62B-4B0E-8054-F5783591C8D6}.Release|ARM.ActiveCfg = Release|Any CPU
		{22760128-E62B-4B0E-8054-F5783591C8D6}.Release|ARM.Build.0 = Release|Any CPU
		{22760128-E62B-4B0E-8054-F5783591C8D6}.Release|ARM.Deploy.0 = Release|Any CPU
		{22760128-E62B-4B0E-8054-F5783591C8D6}.Release|ARM64.ActiveCfg = Release|Any CPU
		{22760128-E62B-4B0E-8054-F5783591C8D6}.Release|ARM64.Build.0 = Release|Any CPU
		{22760128-E62B-4B0E-8054-F5783591C8D6}.Release|ARM64.Deploy.0 = Release|Any CPU
		{22760128-E62B-4B0E-8054-F5783591C8D6}.Release|x64.ActiveCfg = Release|Any CPU
		{22760128-E62B-4B0E-8054-F5783591C8D6}.Release|x64.Build.0 = Release|Any CPU
		{22760128-E62B-4B0E-8054-F5783591C8D6}.Release|x64.Deploy.0 = Release|Any CPU
		{22760128-E62B-4B0E-8054-F5783591C8D6}.Release|x86.ActiveCfg = Release|Any CPU
		{22760128-E62B-4B0E-8054-F5783591C8D6}.Release|x86.Build.0 = Release|Any CPU
		{22760128-E62B-4B0E-8054-F5783591C8D6}.Release|x86.Deploy.0 = Release|Any CPU
	EndGlobalSection
	GlobalSection(SolutionProperties) = preSolution
		HideSolutionNode = FALSE
	EndGlobalSection
	GlobalSection(ExtensibilityGlobals) = postSolution
		SolutionGuid = {70A39360-1BF3-4056-8475-14363AB9729C}
	EndGlobalSection
EndGlobal
