
Microsoft Visual Studio Solution File, Format Version 12.00
# Visual Studio Version 16
VisualStudioVersion = 16.0.29709.97
MinimumVisualStudioVersion = 10.0.40219.1
Project("{FAE04EC0-301F-11D3-BF4B-00C04F79EFBC}") = "nxmMFUserMode", "nxmMFUserMode.csproj", "{093DB339-8F66-4A3D-A9CA-D82122444046}"
EndProject
Global
	GlobalSection(SolutionConfigurationPlatforms) = preSolution
		Debug|Any CPU = Debug|Any CPU
		Release|Any CPU = Release|Any CPU
	EndGlobalSection
	GlobalSection(ProjectConfigurationPlatforms) = postSolution
		{093DB339-8F66-4A3D-A9CA-D82122444046}.Debug|Any CPU.ActiveCfg = Debug|Any CPU
		{093DB339-8F66-4A3D-A9CA-D82122444046}.Debug|Any CPU.Build.0 = Debug|Any CPU
		{093DB339-8F66-4A3D-A9CA-D82122444046}.Release|Any CPU.ActiveCfg = Release|Any CPU
		{093DB339-8F66-4A3D-A9CA-D82122444046}.Release|Any CPU.Build.0 = Release|Any CPU
	EndGlobalSection
	GlobalSection(SolutionProperties) = preSolution
		HideSolutionNode = FALSE
	EndGlobalSection
	GlobalSection(ExtensibilityGlobals) = postSolution
		SolutionGuid = {D180B09B-B693-49CD-91BE-5A1F6A3D4890}
	EndGlobalSection
EndGlobal
